{
    "_readme": [
        "This file locks the dependencies of your project to a known state",
        "Read more about it at http://getcomposer.org/doc/01-basic-usage.md#composer-lock-the-lock-file",
        "This file is @generated automatically"
    ],
    "hash": "b14e29b8edd40e34df8fa2f121bc768a",
    "packages": [
        {
            "name": "DajePHP/FastRouteMiddleware",
            "version": "dev-master",
            "source": {
                "type": "git",
                "url": "https://github.com/DajePHP/FastRouteMiddleware.git",
                "reference": "b8d41655d7621ee950149ef430fbbd6072d09d80"
            },
            "dist": {
                "type": "zip",
                "url": "https://api.github.com/repos/DajePHP/FastRouteMiddleware/zipball/b8d41655d7621ee950149ef430fbbd6072d09d80",
                "reference": "b8d41655d7621ee950149ef430fbbd6072d09d80",
                "shasum": ""
            },
            "require": {
                "nikic/fast-route": "*",
                "php": ">=5.4.0",
                "symfony/http-kernel": "*"
            },
            "require-dev": {
                "phpunit/phpunit": "~4.4"
            },
            "type": "library",
            "autoload": {
                "psr-4": {
                    "DajePHP\\FastRouteMiddleware\\": "src/"
                }
            },
            "license": [
                "MIT"
            ],
            "authors": [
                {
                    "name": "Giorgio Cefaro",
                    "email": "me@giorgiocefaro.com"
                },
                {
                    "name": "Giulio De Donato",
                    "email": "liuggio@gmail.com"
                }
            ],
            "description": "The DajePHP FastRoute based Routing Middleware",
            "homepage": "http://dajephp.org",
            "keywords": [
                "routing"
            ],
            "support": {
                "source": "https://github.com/DajePHP/FastRouteMiddleware/tree/master",
                "issues": "https://github.com/DajePHP/FastRouteMiddleware/issues"
            },
            "time": "2014-10-29 18:55:10"
        },
        {
            "name": "asm89/stack-cors",
            "version": "dev-master",
            "source": {
                "type": "git",
                "url": "https://github.com/asm89/stack-cors.git",
                "reference": "1e9a842541e019b3b0869cc38763a502975db2fd"
            },
            "dist": {
                "type": "zip",
                "url": "https://api.github.com/repos/asm89/stack-cors/zipball/1e9a842541e019b3b0869cc38763a502975db2fd",
                "reference": "1e9a842541e019b3b0869cc38763a502975db2fd",
                "shasum": ""
            },
            "require": {
                "php": ">=5.3.2",
                "symfony/http-foundation": "~2.1",
                "symfony/http-kernel": "~2.1"
            },
            "type": "library",
            "autoload": {
                "psr-0": {
                    "Asm89\\Stack": "src/"
                }
            },
            "notification-url": "https://packagist.org/downloads/",
            "license": [
                "MIT"
            ],
            "authors": [
                {
                    "name": "Alexander",
                    "email": "iam.asm89@gmail.com"
                }
            ],
            "description": "Cross-origin resource sharing library and stack middleware",
            "homepage": "https://github.com/asm89/stack-cors",
            "keywords": [
                "cors",
                "stack"
            ],
            "time": "2014-07-28 07:36:30"
        },
        {
            "name": "nikic/fast-route",
            "version": "dev-master",
            "source": {
                "type": "git",
                "url": "https://github.com/nikic/FastRoute.git",
                "reference": "88ac2888aa29d888cf3f447899753a4a1e599759"
            },
            "dist": {
                "type": "zip",
                "url": "https://api.github.com/repos/nikic/FastRoute/zipball/88ac2888aa29d888cf3f447899753a4a1e599759",
                "reference": "88ac2888aa29d888cf3f447899753a4a1e599759",
                "shasum": ""
            },
            "require": {
                "php": ">=5.4.0"
            },
            "type": "library",
            "autoload": {
                "psr-4": {
                    "FastRoute\\": "src/"
                },
                "files": [
                    "src/functions.php"
                ]
            },
            "notification-url": "https://packagist.org/downloads/",
            "license": [
                "BSD-3-Clause"
            ],
            "authors": [
                {
                    "name": "Nikita Popov",
                    "email": "nikic@php.net"
                }
            ],
            "description": "Fast request router for PHP",
            "keywords": [
                "router",
                "routing"
            ],
            "time": "2014-09-30 16:53:49"
        },
        {
            "name": "pimple/pimple",
            "version": "1.1.x-dev",
            "source": {
                "type": "git",
                "url": "https://github.com/fabpot/Pimple.git",
                "reference": "bc2fc12cdf1f29bcad9e650d493a54a8fd1f3d85"
            },
            "dist": {
                "type": "zip",
                "url": "https://api.github.com/repos/fabpot/Pimple/zipball/bc2fc12cdf1f29bcad9e650d493a54a8fd1f3d85",
                "reference": "bc2fc12cdf1f29bcad9e650d493a54a8fd1f3d85",
                "shasum": ""
            },
            "require": {
                "php": ">=5.3.0"
            },
            "type": "library",
            "extra": {
                "branch-alias": {
                    "dev-master": "1.1.x-dev"
                }
            },
            "autoload": {
                "psr-0": {
                    "Pimple": "lib/"
                }
            },
            "notification-url": "https://packagist.org/downloads/",
            "license": [
                "MIT"
            ],
            "authors": [
                {
                    "name": "Fabien Potencier",
                    "email": "fabien@symfony.com",
                    "homepage": "http://fabien.potencier.org",
                    "role": "Lead Developer"
                }
            ],
            "description": "Pimple is a simple Dependency Injection Container for PHP 5.3",
            "homepage": "http://pimple.sensiolabs.org",
            "keywords": [
                "container",
                "dependency injection"
            ],
            "time": "2014-04-20 07:24:09"
        },
        {
            "name": "psr/log",
            "version": "dev-master",
            "source": {
                "type": "git",
                "url": "https://github.com/php-fig/log.git",
                "reference": "a78d6504ff5d4367497785ab2ade91db3a9fbe11"
            },
            "dist": {
                "type": "zip",
                "url": "https://api.github.com/repos/php-fig/log/zipball/a78d6504ff5d4367497785ab2ade91db3a9fbe11",
                "reference": "a78d6504ff5d4367497785ab2ade91db3a9fbe11",
                "shasum": ""
            },
            "type": "library",
            "extra": {
                "branch-alias": {
                    "dev-master": "1.0.x-dev"
                }
            },
            "autoload": {
                "psr-0": {
                    "Psr\\Log\\": ""
                }
            },
            "notification-url": "https://packagist.org/downloads/",
            "license": [
                "MIT"
            ],
            "authors": [
                {
                    "name": "PHP-FIG",
                    "homepage": "http://www.php-fig.org/"
                }
            ],
            "description": "Common interface for logging libraries",
            "keywords": [
                "log",
                "psr",
                "psr-3"
            ],
            "time": "2014-01-18 15:33:09"
        },
        {
            "name": "silpion/stack-logger",
            "version": "dev-master",
            "source": {
                "type": "git",
                "url": "https://github.com/h4cc/StackLogger.git",
                "reference": "1bdbb3e7d157aa9069ace90267c249f43dc02b77"
            },
            "dist": {
                "type": "zip",
                "url": "https://api.github.com/repos/h4cc/StackLogger/zipball/1bdbb3e7d157aa9069ace90267c249f43dc02b77",
                "reference": "1bdbb3e7d157aa9069ace90267c249f43dc02b77",
                "shasum": ""
            },
            "require": {
                "php": ">=5.3.3",
                "pimple/pimple": "~1.1",
                "psr/log": "~1.0",
                "symfony/http-foundation": "~2.1",
                "symfony/http-kernel": "~2.1"
            },
            "require-dev": {
                "monolog/monolog": "~1.8",
                "phpunit/phpunit": "3.7.*",
                "silex/silex": "~1.2",
                "stack/builder": "~1.0"
            },
            "type": "library",
            "autoload": {
                "psr-4": {
                    "Silpion\\Stack\\": "src"
                }
            },
            "notification-url": "https://packagist.org/downloads/",
            "license": [
                "MIT"
            ],
            "authors": [
                {
                    "name": "Julius Beckmann",
                    "email": "beckmann@silpion.de"
                }
            ],
            "description": "Logger Stack middleware for logging request and responses.",
            "keywords": [
                "PSR3",
                "logger",
                "request",
                "response",
                "stack"
            ],
            "time": "2014-04-17 13:57:03"
        },
        {
            "name": "symfony/debug",
            "version": "dev-master",
            "target-dir": "Symfony/Component/Debug",
            "source": {
                "type": "git",
                "url": "https://github.com/symfony/Debug.git",
                "reference": "5e0da6230cf3aad7e0a6d992b7aa416f6b8e59c8"
            },
            "dist": {
                "type": "zip",
                "url": "https://api.github.com/repos/symfony/Debug/zipball/5e0da6230cf3aad7e0a6d992b7aa416f6b8e59c8",
                "reference": "5e0da6230cf3aad7e0a6d992b7aa416f6b8e59c8",
                "shasum": ""
            },
            "require": {
                "php": ">=5.3.3",
                "psr/log": "~1.0"
            },
            "require-dev": {
                "symfony/http-foundation": "~2.1",
                "symfony/http-kernel": "~2.1"
            },
            "suggest": {
                "symfony/http-foundation": "",
                "symfony/http-kernel": ""
            },
            "type": "library",
            "extra": {
                "branch-alias": {
                    "dev-master": "2.6-dev"
                }
            },
            "autoload": {
                "psr-0": {
                    "Symfony\\Component\\Debug\\": ""
                }
            },
            "notification-url": "https://packagist.org/downloads/",
            "license": [
                "MIT"
            ],
            "authors": [
                {
                    "name": "Symfony Community",
                    "homepage": "http://symfony.com/contributors"
                },
                {
                    "name": "Fabien Potencier",
                    "email": "fabien@symfony.com"
                }
            ],
            "description": "Symfony Debug Component",
            "homepage": "http://symfony.com",
            "time": "2014-10-26 07:46:28"
        },
        {
            "name": "symfony/event-dispatcher",
            "version": "dev-master",
            "target-dir": "Symfony/Component/EventDispatcher",
            "source": {
                "type": "git",
                "url": "https://github.com/symfony/EventDispatcher.git",
                "reference": "294bdb3cb597536221354a5382f1b90e6dc9bb95"
            },
            "dist": {
                "type": "zip",
                "url": "https://api.github.com/repos/symfony/EventDispatcher/zipball/294bdb3cb597536221354a5382f1b90e6dc9bb95",
                "reference": "294bdb3cb597536221354a5382f1b90e6dc9bb95",
                "shasum": ""
            },
            "require": {
                "php": ">=5.3.3"
            },
            "require-dev": {
                "psr/log": "~1.0",
                "symfony/config": "~2.0",
                "symfony/dependency-injection": "~2.6",
                "symfony/expression-language": "~2.6",
                "symfony/stopwatch": "~2.2"
            },
            "suggest": {
                "symfony/dependency-injection": "",
                "symfony/http-kernel": ""
            },
            "type": "library",
            "extra": {
                "branch-alias": {
                    "dev-master": "2.6-dev"
                }
            },
            "autoload": {
                "psr-0": {
                    "Symfony\\Component\\EventDispatcher\\": ""
                }
            },
            "notification-url": "https://packagist.org/downloads/",
            "license": [
                "MIT"
            ],
            "authors": [
                {
                    "name": "Symfony Community",
                    "homepage": "http://symfony.com/contributors"
                },
                {
                    "name": "Fabien Potencier",
                    "email": "fabien@symfony.com"
                }
            ],
            "description": "Symfony EventDispatcher Component",
            "homepage": "http://symfony.com",
            "time": "2014-10-26 07:50:57"
        },
        {
            "name": "symfony/http-foundation",
            "version": "dev-master",
            "target-dir": "Symfony/Component/HttpFoundation",
            "source": {
                "type": "git",
                "url": "https://github.com/symfony/HttpFoundation.git",
                "reference": "2f3efcba131a1275b5fb491bed9897ceaf7947e2"
            },
            "dist": {
                "type": "zip",
                "url": "https://api.github.com/repos/symfony/HttpFoundation/zipball/2f3efcba131a1275b5fb491bed9897ceaf7947e2",
                "reference": "2f3efcba131a1275b5fb491bed9897ceaf7947e2",
                "shasum": ""
            },
            "require": {
                "php": ">=5.3.3"
            },
            "require-dev": {
                "symfony/expression-language": "~2.4"
            },
            "type": "library",
            "extra": {
                "branch-alias": {
                    "dev-master": "2.6-dev"
                }
            },
            "autoload": {
                "psr-0": {
                    "Symfony\\Component\\HttpFoundation\\": ""
                },
                "classmap": [
                    "Symfony/Component/HttpFoundation/Resources/stubs"
                ]
            },
            "notification-url": "https://packagist.org/downloads/",
            "license": [
                "MIT"
            ],
            "authors": [
                {
                    "name": "Symfony Community",
                    "homepage": "http://symfony.com/contributors"
                },
                {
                    "name": "Fabien Potencier",
                    "email": "fabien@symfony.com"
                }
            ],
            "description": "Symfony HttpFoundation Component",
            "homepage": "http://symfony.com",
            "time": "2014-10-26 07:46:28"
        },
        {
            "name": "symfony/http-kernel",
            "version": "dev-master",
            "target-dir": "Symfony/Component/HttpKernel",
            "source": {
                "type": "git",
                "url": "https://github.com/symfony/HttpKernel.git",
                "reference": "dab2e0a3d6a0ad3a4e48e437a2e4b1cff48c82f9"
            },
            "dist": {
                "type": "zip",
                "url": "https://api.github.com/repos/symfony/HttpKernel/zipball/dab2e0a3d6a0ad3a4e48e437a2e4b1cff48c82f9",
                "reference": "dab2e0a3d6a0ad3a4e48e437a2e4b1cff48c82f9",
                "shasum": ""
            },
            "require": {
                "php": ">=5.3.3",
                "psr/log": "~1.0",
                "symfony/debug": "~2.6",
                "symfony/event-dispatcher": "~2.5",
                "symfony/http-foundation": "~2.5"
            },
            "require-dev": {
                "symfony/browser-kit": "~2.2",
                "symfony/class-loader": "~2.1",
                "symfony/config": "~2.0",
                "symfony/console": "~2.2",
                "symfony/dependency-injection": "~2.0",
                "symfony/expression-language": "~2.4",
                "symfony/finder": "~2.0",
                "symfony/process": "~2.0",
                "symfony/routing": "~2.2",
                "symfony/stopwatch": "~2.2",
                "symfony/templating": "~2.2",
                "symfony/translation": "~2.0",
                "symfony/var-dumper": "~2.6"
            },
            "suggest": {
                "symfony/browser-kit": "",
                "symfony/class-loader": "",
                "symfony/config": "",
                "symfony/console": "",
                "symfony/dependency-injection": "",
                "symfony/finder": "",
                "symfony/var-dumper": ""
            },
            "type": "library",
            "extra": {
                "branch-alias": {
                    "dev-master": "2.6-dev"
                }
            },
            "autoload": {
                "psr-0": {
                    "Symfony\\Component\\HttpKernel\\": ""
                }
            },
            "notification-url": "https://packagist.org/downloads/",
            "license": [
                "MIT"
            ],
            "authors": [
                {
                    "name": "Symfony Community",
                    "homepage": "http://symfony.com/contributors"
                },
                {
                    "name": "Fabien Potencier",
                    "email": "fabien@symfony.com"
                }
            ],
            "description": "Symfony HttpKernel Component",
            "homepage": "http://symfony.com",
            "time": "2014-10-26 07:50:57"
        },
        {
            "name": "symfony/serializer",
            "version": "dev-master",
            "target-dir": "Symfony/Component/Serializer",
            "source": {
                "type": "git",
                "url": "https://github.com/symfony/Serializer.git",
                "reference": "a34d4d1ddc533f374cf6f7675110157d2b8e1835"
            },
            "dist": {
                "type": "zip",
                "url": "https://api.github.com/repos/symfony/Serializer/zipball/a34d4d1ddc533f374cf6f7675110157d2b8e1835",
                "reference": "a34d4d1ddc533f374cf6f7675110157d2b8e1835",
                "shasum": ""
            },
            "require": {
                "php": ">=5.3.3"
            },
            "type": "library",
            "extra": {
                "branch-alias": {
                    "dev-master": "2.6-dev"
                }
            },
            "autoload": {
                "psr-0": {
                    "Symfony\\Component\\Serializer\\": ""
                }
            },
            "notification-url": "https://packagist.org/downloads/",
            "license": [
                "MIT"
            ],
            "authors": [
                {
                    "name": "Symfony Community",
                    "homepage": "http://symfony.com/contributors"
                },
                {
                    "name": "Fabien Potencier",
                    "email": "fabien@symfony.com"
                }
            ],
            "description": "Symfony Serializer Component",
            "homepage": "http://symfony.com",
            "time": "2014-10-26 07:46:28"
        },
        {
            "name": "tombzombie/dice",
            "version": "dev-PHP5.3",
            "source": {
                "type": "git",
                "url": "https://github.com/TomBZombie/Dice.git",
                "reference": "674a898f2e2fcf1f8e2731c8025a6f451929ba5c"
            },
            "dist": {
                "type": "zip",
                "url": "https://api.github.com/repos/TomBZombie/Dice/zipball/674a898f2e2fcf1f8e2731c8025a6f451929ba5c",
                "reference": "674a898f2e2fcf1f8e2731c8025a6f451929ba5c",
                "shasum": ""
            },
            "require": {
                "php": ">=5.3.0"
            },
            "type": "library",
            "autoload": {
                "classmap": [
                    "loader/",
                    "dice.php"
                ]
            },
            "notification-url": "https://packagist.org/downloads/",
            "license": [
                "BSD-2-Clause"
            ],
            "authors": [
                {
                    "name": "Tom Butler",
                    "email": "tom@r.je"
                }
            ],
            "description": "A minimalist Dependency injection container (DIC) for PHP.",
            "homepage": "http://r.je/dice.html",
            "keywords": [
                "dependency injection",
                "dependency injection container",
                "di",
                "ioc"
            ],
            "time": "2014-03-01 12:58:07"
        },
        {
            "name": "willdurand/negotiation",
            "version": "dev-master",
            "source": {
                "type": "git",
                "url": "https://github.com/willdurand/Negotiation.git",
                "reference": "a317ef476ece3da9f73ff429a5891d0b9a52a531"
            },
            "dist": {
                "type": "zip",
                "url": "https://api.github.com/repos/willdurand/Negotiation/zipball/a317ef476ece3da9f73ff429a5891d0b9a52a531",
                "reference": "a317ef476ece3da9f73ff429a5891d0b9a52a531",
                "shasum": ""
            },
            "require": {
                "php": ">=5.3.0"
            },
            "type": "library",
            "extra": {
                "branch-alias": {
                    "dev-master": "1.3-dev"
                }
            },
            "autoload": {
                "psr-0": {
                    "Negotiation": "src/"
                }
            },
            "notification-url": "https://packagist.org/downloads/",
            "license": [
                "MIT"
            ],
            "authors": [
                {
                    "name": "William Durand",
                    "email": "william.durand1@gmail.com"
                }
            ],
            "description": "Content Negotiation tools for PHP provided as a standalone library.",
            "homepage": "http://williamdurand.fr/Negotiation/",
            "keywords": [
                "accept",
                "content",
                "format",
                "header",
                "negotiation"
            ],
            "time": "2014-10-28 14:30:32"
        },
        {
            "name": "willdurand/stack-negotiation",
            "version": "dev-master",
            "source": {
                "type": "git",
                "url": "https://github.com/willdurand/StackNegotiation.git",
                "reference": "d3e185e7de7302fdad6230973f408a8795ab86bd"
            },
            "dist": {
                "type": "zip",
                "url": "https://api.github.com/repos/willdurand/StackNegotiation/zipball/d3e185e7de7302fdad6230973f408a8795ab86bd",
                "reference": "d3e185e7de7302fdad6230973f408a8795ab86bd",
                "shasum": ""
            },
            "require": {
                "php": ">=5.4.0",
                "symfony/serializer": "~2.1",
                "willdurand/negotiation": "~1.3"
            },
            "require-dev": {
                "phpunit/phpunit": "~3.7",
                "symfony/http-kernel": "~2.1"
            },
            "type": "library",
            "extra": {
                "branch-alias": {
                    "dev-master": "1.0-dev"
                }
            },
            "autoload": {
                "psr-0": {
                    "Negotiation": "src/"
                }
            },
            "notification-url": "https://packagist.org/downloads/",
            "license": [
                "MIT"
            ],
            "authors": [
                {
                    "name": "William DURAND",
                    "email": "william.durand1@gmail.com"
                }
            ],
            "description": "Stack middleware for content negotiation.",
            "time": "2014-10-28 15:35:05"
        }
    ],
    "packages-dev": [],
    "aliases": [],
    "minimum-stability": "dev",
    "stability-flags": [],
    "prefer-stable": false,
    "platform": {
        "php": ">=5.4"
    },
    "platform-dev": []
}
